// !$*UTF8*$!
{
	archiveVersion = 1;
	classes = {
	};
	objectVersion = 50;
	objects = {

/* Begin PBXBuildFile section */
		5822DD9A246595CC002A1BA7 /* Chip.swift in Sources */ = {isa = PBXBuildFile; fileRef = 5822DD99246595CC002A1BA7 /* Chip.swift */; };
		58868343243E0112000C7DC6 /* Bayblade.swift in Sources */ = {isa = PBXBuildFile; fileRef = 58868342243E0112000C7DC6 /* Bayblade.swift */; };
		58868345243E031E000C7DC6 /* Base.swift in Sources */ = {isa = PBXBuildFile; fileRef = 58868344243E031E000C7DC6 /* Base.swift */; };
		58868347243E0380000C7DC6 /* Parts.swift in Sources */ = {isa = PBXBuildFile; fileRef = 58868346243E0380000C7DC6 /* Parts.swift */; };
		5891E4F1243E075E00B6A3D3 /* Driver.swift in Sources */ = {isa = PBXBuildFile; fileRef = 5891E4F0243E075E00B6A3D3 /* Driver.swift */; };
		5891E4F3243E078900B6A3D3 /* Disk.swift in Sources */ = {isa = PBXBuildFile; fileRef = 5891E4F2243E078900B6A3D3 /* Disk.swift */; };
		5891E4F5244C89F800B6A3D3 /* Frame.swift in Sources */ = {isa = PBXBuildFile; fileRef = 5891E4F4244C89F800B6A3D3 /* Frame.swift */; };
		58F86F87243DFF48001BA50E /* AppDelegate.swift in Sources */ = {isa = PBXBuildFile; fileRef = 58F86F86243DFF48001BA50E /* AppDelegate.swift */; };
		58F86F89243DFF48001BA50E /* SceneDelegate.swift in Sources */ = {isa = PBXBuildFile; fileRef = 58F86F88243DFF48001BA50E /* SceneDelegate.swift */; };
		58F86F8B243DFF48001BA50E /* ViewController.swift in Sources */ = {isa = PBXBuildFile; fileRef = 58F86F8A243DFF48001BA50E /* ViewController.swift */; };
		58F86F8E243DFF48001BA50E /* Main.storyboard in Resources */ = {isa = PBXBuildFile; fileRef = 58F86F8C243DFF48001BA50E /* Main.storyboard */; };
		58F86F90243DFF4D001BA50E /* Assets.xcassets in Resources */ = {isa = PBXBuildFile; fileRef = 58F86F8F243DFF4D001BA50E /* Assets.xcassets */; };
		58F86F93243DFF4D001BA50E /* LaunchScreen.storyboard in Resources */ = {isa = PBXBuildFile; fileRef = 58F86F91243DFF4D001BA50E /* LaunchScreen.storyboard */; };
/* End PBXBuildFile section */

/* Begin PBXFileReference section */
		5822DD99246595CC002A1BA7 /* Chip.swift */ = {isa = PBXFileReference; lastKnownFileType = sourcecode.swift; path = Chip.swift; sourceTree = "<group>"; };
		58868342243E0112000C7DC6 /* Bayblade.swift */ = {isa = PBXFileReference; lastKnownFileType = sourcecode.swift; path = Bayblade.swift; sourceTree = "<group>"; };
		58868344243E031E000C7DC6 /* Base.swift */ = {isa = PBXFileReference; lastKnownFileType = sourcecode.swift; path = Base.swift; sourceTree = "<group>"; };
		58868346243E0380000C7DC6 /* Parts.swift */ = {isa = PBXFileReference; lastKnownFileType = sourcecode.swift; path = Parts.swift; sourceTree = "<group>"; };
		5891E4F0243E075E00B6A3D3 /* Driver.swift */ = {isa = PBXFileReference; lastKnownFileType = sourcecode.swift; path = Driver.swift; sourceTree = "<group>"; };
		5891E4F2243E078900B6A3D3 /* Disk.swift */ = {isa = PBXFileReference; lastKnownFileType = sourcecode.swift; path = Disk.swift; sourceTree = "<group>"; };
		5891E4F4244C89F800B6A3D3 /* Frame.swift */ = {isa = PBXFileReference; lastKnownFileType = sourcecode.swift; path = Frame.swift; sourceTree = "<group>"; };
		58F86F83243DFF48001BA50E /* BeybladeSimulator.app */ = {isa = PBXFileReference; explicitFileType = wrapper.application; includeInIndex = 0; path = BeybladeSimulator.app; sourceTree = BUILT_PRODUCTS_DIR; };
		58F86F86243DFF48001BA50E /* AppDelegate.swift */ = {isa = PBXFileReference; lastKnownFileType = sourcecode.swift; path = AppDelegate.swift; sourceTree = "<group>"; };
		58F86F88243DFF48001BA50E /* SceneDelegate.swift */ = {isa = PBXFileReference; lastKnownFileType = sourcecode.swift; path = SceneDelegate.swift; sourceTree = "<group>"; };
		58F86F8A243DFF48001BA50E /* ViewController.swift */ = {isa = PBXFileReference; lastKnownFileType = sourcecode.swift; path = ViewController.swift; sourceTree = "<group>"; };
		58F86F8D243DFF48001BA50E /* Base */ = {isa = PBXFileReference; lastKnownFileType = file.storyboard; name = Base; path = Base.lproj/Main.storyboard; sourceTree = "<group>"; };
		58F86F8F243DFF4D001BA50E /* Assets.xcassets */ = {isa = PBXFileReference; lastKnownFileType = folder.assetcatalog; path = Assets.xcassets; sourceTree = "<group>"; };
		58F86F92243DFF4D001BA50E /* Base */ = {isa = PBXFileReference; lastKnownFileType = file.storyboard; name = Base; path = Base.lproj/LaunchScreen.storyboard; sourceTree = "<group>"; };
		58F86F94243DFF4D001BA50E /* Info.plist */ = {isa = PBXFileReference; lastKnownFileType = text.plist.xml; path = Info.plist; sourceTree = "<group>"; };
/* End PBXFileReference section */

/* Begin PBXFrameworksBuildPhase section */
		58F86F80243DFF48001BA50E /* Frameworks */ = {
			isa = PBXFrameworksBuildPhase;
			buildActionMask = 2147483647;
			files = (
			);
			runOnlyForDeploymentPostprocessing = 0;
		};
/* End PBXFrameworksBuildPhase section */

/* Begin PBXGroup section */
		58F86F7A243DFF48001BA50E = {
			isa = PBXGroup;
			children = (
				5891E4F4244C89F800B6A3D3 /* Frame.swift */,
				58868342243E0112000C7DC6 /* Bayblade.swift */,
				5891E4F2243E078900B6A3D3 /* Disk.swift */,
				58868346243E0380000C7DC6 /* Parts.swift */,
				5822DD99246595CC002A1BA7 /* Chip.swift */,
				58868344243E031E000C7DC6 /* Base.swift */,
				5891E4F0243E075E00B6A3D3 /* Driver.swift */,
				58F86F85243DFF48001BA50E /* BeybladeSimulator */,
				58F86F84243DFF48001BA50E /* Products */,
			);
			sourceTree = "<group>";
		};
		58F86F84243DFF48001BA50E /* Products */ = {
			isa = PBXGroup;
			children = (
				58F86F83243DFF48001BA50E /* BeybladeSimulator.app */,
			);
			name = Products;
			sourceTree = "<group>";
		};
		58F86F85243DFF48001BA50E /* BeybladeSimulator */ = {
			isa = PBXGroup;
			children = (
				58F86F86243DFF48001BA50E /* AppDelegate.swift */,
				58F86F88243DFF48001BA50E /* SceneDelegate.swift */,
				58F86F8A243DFF48001BA50E /* ViewController.swift */,
				58F86F8C243DFF48001BA50E /* Main.storyboard */,
				58F86F8F243DFF4D001BA50E /* Assets.xcassets */,
				58F86F91243DFF4D001BA50E /* LaunchScreen.storyboard */,
				58F86F94243DFF4D001BA50E /* Info.plist */,
			);
			path = BeybladeSimulator;
			sourceTree = "<group>";
		};
/* End PBXGroup section */

/* Begin PBXNativeTarget section */
		58F86F82243DFF48001BA50E /* BeybladeSimulator */ = {
			isa = PBXNativeTarget;
			buildConfigurationList = 58F86F97243DFF4D001BA50E /* Build configuration list for PBXNativeTarget "BeybladeSimulator" */;
			buildPhases = (
				58F86F7F243DFF48001BA50E /* Sources */,
				58F86F80243DFF48001BA50E /* Frameworks */,
				58F86F81243DFF48001BA50E /* Resources */,
			);
			buildRules = (
			);
			dependencies = (
			);
			name = BeybladeSimulator;
			productName = BeybladeSimulator;
			productReference = 58F86F83243DFF48001BA50E /* BeybladeSimulator.app */;
			productType = "com.apple.product-type.application";
		};
/* End PBXNativeTarget section */

/* Begin PBXProject section */
		58F86F7B243DFF48001BA50E /* Project object */ = {
			isa = PBXProject;
			attributes = {
				LastSwiftUpdateCheck = 1130;
				LastUpgradeCheck = 1130;
				ORGANIZATIONNAME = donmaicha;
				TargetAttributes = {
					58F86F82243DFF48001BA50E = {
						CreatedOnToolsVersion = 11.3.1;
					};
				};
			};
			buildConfigurationList = 58F86F7E243DFF48001BA50E /* Build configuration list for PBXProject "BeybladeSimulator" */;
			compatibilityVersion = "Xcode 9.3";
			developmentRegion = en;
			hasScannedForEncodings = 0;
			knownRegions = (
				en,
				Base,
			);
			mainGroup = 58F86F7A243DFF48001BA50E;
			productRefGroup = 58F86F84243DFF48001BA50E /* Products */;
			projectDirPath = "";
			projectRoot = "";
			targets = (
				58F86F82243DFF48001BA50E /* BeybladeSimulator */,
			);
		};
/* End PBXProject section */

/* Begin PBXResourcesBuildPhase section */
		58F86F81243DFF48001BA50E /* Resources */ = {
			isa = PBXResourcesBuildPhase;
			buildActionMask = 2147483647;
			files = (
				58F86F93243DFF4D001BA50E /* LaunchScreen.storyboard in Resources */,
				58F86F90243DFF4D001BA50E /* Assets.xcassets in Resources */,
				58F86F8E243DFF48001BA50E /* Main.storyboard in Resources */,
			);
			runOnlyForDeploymentPostprocessing = 0;
		};
/* End PBXResourcesBuildPhase section */

/* Begin PBXSourcesBuildPhase section */
		58F86F7F243DFF48001BA50E /* Sources */ = {
			isa = PBXSourcesBuildPhase;
			buildActionMask = 2147483647;
			files = (
				5891E4F5244C89F800B6A3D3 /* Frame.swift in Sources */,
				58F86F8B243DFF48001BA50E /* ViewController.swift in Sources */,
				5891E4F1243E075E00B6A3D3 /* Driver.swift in Sources */,
				5822DD9A246595CC002A1BA7 /* Chip.swift in Sources */,
				58868343243E0112000C7DC6 /* Bayblade.swift in Sources */,
				58868345243E031E000C7DC6 /* Base.swift in Sources */,
				58F86F87243DFF48001BA50E /* AppDelegate.swift in Sources */,
				58868347243E0380000C7DC6 /* Parts.swift in Sources */,
				58F86F89243DFF48001BA50E /* SceneDelegate.swift in Sources */,
				5891E4F3243E078900B6A3D3 /* Disk.swift in Sources */,
			);
			runOnlyForDeploymentPostprocessing = 0;
		};
/* End PBXSourcesBuildPhase section */

/* Begin PBXVariantGroup section */
		58F86F8C243DFF48001BA50E /* Main.storyboard */ = {
			isa = PBXVariantGroup;
			children = (
				58F86F8D243DFF48001BA50E /* Base */,
			);
			name = Main.storyboard;
			sourceTree = "<group>";
		};
		58F86F91243DFF4D001BA50E /* LaunchScreen.storyboard */ = {
			isa = PBXVariantGroup;
			children = (
				58F86F92243DFF4D001BA50E /* Base */,
			);
			name = LaunchScreen.storyboard;
			sourceTree = "<group>";
		};
/* End PBXVariantGroup section */

/* Begin XCBuildConfiguration section */
		58F86F95243DFF4D001BA50E /* Debug */ = {
			isa = XCBuildConfiguration;
			buildSettings = {
				ALWAYS_SEARCH_USER_PATHS = NO;
				CLANG_ANALYZER_NONNULL = YES;
				CLANG_ANALYZER_NUMBER_OBJECT_CONVERSION = YES_AGGRESSIVE;
				CLANG_CXX_LANGUAGE_STANDARD = "gnu++14";
				CLANG_CXX_LIBRARY = "libc++";
				CLANG_ENABLE_MODULES = YES;
				CLANG_ENABLE_OBJC_ARC = YES;
				CLANG_ENABLE_OBJC_WEAK = YES;
				CLANG_WARN_BLOCK_CAPTURE_AUTORELEASING = YES;
				CLANG_WARN_BOOL_CONVERSION = YES;
				CLANG_WARN_COMMA = YES;
				CLANG_WARN_CONSTANT_CONVERSION = YES;
				CLANG_WARN_DEPRECATED_OBJC_IMPLEMENTATIONS = YES;
				CLANG_WARN_DIRECT_OBJC_ISA_USAGE = YES_ERROR;
				CLANG_WARN_DOCUMENTATION_COMMENTS = YES;
				CLANG_WARN_EMPTY_BODY = YES;
				CLANG_WARN_ENUM_CONVERSION = YES;
				CLANG_WARN_INFINITE_RECURSION = YES;
				CLANG_WARN_INT_CONVERSION = YES;
				CLANG_WARN_NON_LITERAL_NULL_CONVERSION = YES;
				CLANG_WARN_OBJC_IMPLICIT_RETAIN_SELF = YES;
				CLANG_WARN_OBJC_LITERAL_CONVERSION = YES;
				CLANG_WARN_OBJC_ROOT_CLASS = YES_ERROR;
				CLANG_WARN_RANGE_LOOP_ANALYSIS = YES;
				CLANG_WARN_STRICT_PROTOTYPES = YES;
				CLANG_WARN_SUSPICIOUS_MOVE = YES;
				CLANG_WARN_UNGUARDED_AVAILABILITY = YES_AGGRESSIVE;
				CLANG_WARN_UNREACHABLE_CODE = YES;
				CLANG_WARN__DUPLICATE_METHOD_MATCH = YES;
				COPY_PHASE_STRIP = NO;
				DEBUG_INFORMATION_FORMAT = dwarf;
				ENABLE_STRICT_OBJC_MSGSEND = YES;
				ENABLE_TESTABILITY = YES;
				GCC_C_LANGUAGE_STANDARD = gnu11;
				GCC_DYNAMIC_NO_PIC = NO;
				GCC_NO_COMMON_BLOCKS = YES;
				GCC_OPTIMIZATION_LEVEL = 0;
				GCC_PREPROCESSOR_DEFINITIONS = (
					"DEBUG=1",
					"$(inherited)",
				);
				GCC_WARN_64_TO_32_BIT_CONVERSION = YES;
				GCC_WARN_ABOUT_RETURN_TYPE = YES_ERROR;
				GCC_WARN_UNDECLARED_SELECTOR = YES;
				GCC_WARN_UNINITIALIZED_AUTOS = YES_AGGRESSIVE;
				GCC_WARN_UNUSED_FUNCTION = YES;
				GCC_WARN_UNUSED_VARIABLE = YES;
				IPHONEOS_DEPLOYMENT_TARGET = 13.2;
				MTL_ENABLE_DEBUG_INFO = INCLUDE_SOURCE;
				MTL_FAST_MATH = YES;
				ONLY_ACTIVE_ARCH = YES;
				SDKROOT = iphoneos;
				SWIFT_ACTIVE_COMPILATION_CONDITIONS = DEBUG;
				SWIFT_OPTIMIZATION_LEVEL = "-Onone";
			};
			name = Debug;
		};
		58F86F96243DFF4D001BA50E /* Release */ = {
			isa = XCBuildConfiguration;
			buildSettings = {
				ALWAYS_SEARCH_USER_PATHS = NO;
				CLANG_ANALYZER_NONNULL = YES;
				CLANG_ANALYZER_NUMBER_OBJECT_CONVERSION = YES_AGGRESSIVE;
				CLANG_CXX_LANGUAGE_STANDARD = "gnu++14";
				CLANG_CXX_LIBRARY = "libc++";
				CLANG_ENABLE_MODULES = YES;
				CLANG_ENABLE_OBJC_ARC = YES;
				CLANG_ENABLE_OBJC_WEAK = YES;
				CLANG_WARN_BLOCK_CAPTURE_AUTORELEASING = YES;
				CLANG_WARN_BOOL_CONVERSION = YES;
				CLANG_WARN_COMMA = YES;
				CLANG_WARN_CONSTANT_CONVERSION = YES;
				CLANG_WARN_DEPRECATED_OBJC_IMPLEMENTATIONS = YES;
				CLANG_WARN_DIRECT_OBJC_ISA_USAGE = YES_ERROR;
				CLANG_WARN_DOCUMENTATION_COMMENTS = YES;
				CLANG_WARN_EMPTY_BODY = YES;
				CLANG_WARN_ENUM_CONVERSION = YES;
				CLANG_WARN_INFINITE_RECURSION = YES;
				CLANG_WARN_INT_CONVERSION = YES;
				CLANG_WARN_NON_LITERAL_NULL_CONVERSION = YES;
				CLANG_WARN_OBJC_IMPLICIT_RETAIN_SELF = YES;
				CLANG_WARN_OBJC_LITERAL_CONVERSION = YES;
				CLANG_WARN_OBJC_ROOT_CLASS = YES_ERROR;
				CLANG_WARN_RANGE_LOOP_ANALYSIS = YES;
				CLANG_WARN_STRICT_PROTOTYPES = YES;
				CLANG_WARN_SUSPICIOUS_MOVE = YES;
				CLANG_WARN_UNGUARDED_AVAILABILITY = YES_AGGRESSIVE;
				CLANG_WARN_UNREACHABLE_CODE = YES;
				CLANG_WARN__DUPLICATE_METHOD_MATCH = YES;
				COPY_PHASE_STRIP = NO;
				DEBUG_INFORMATION_FORMAT = "dwarf-with-dsym";
				ENABLE_NS_ASSERTIONS = NO;
				ENABLE_STRICT_OBJC_MSGSEND = YES;
				GCC_C_LANGUAGE_STANDARD = gnu11;
				GCC_NO_COMMON_BLOCKS = YES;
				GCC_WARN_64_TO_32_BIT_CONVERSION = YES;
				GCC_WARN_ABOUT_RETURN_TYPE = YES_ERROR;
				GCC_WARN_UNDECLARED_SELECTOR = YES;
				GCC_WARN_UNINITIALIZED_AUTOS = YES_AGGRESSIVE;
				GCC_WARN_UNUSED_FUNCTION = YES;
				GCC_WARN_UNUSED_VARIABLE = YES;
				IPHONEOS_DEPLOYMENT_TARGET = 13.2;
				MTL_ENABLE_DEBUG_INFO = NO;
				MTL_FAST_MATH = YES;
				SDKROOT = iphoneos;
				SWIFT_COMPILATION_MODE = wholemodule;
				SWIFT_OPTIMIZATION_LEVEL = "-O";
				VALIDATE_PRODUCT = YES;
			};
			name = Release;
		};
		58F86F98243DFF4D001BA50E /* Debug */ = {
			isa = XCBuildConfiguration;
			buildSettings = {
				ASSETCATALOG_COMPILER_APPICON_NAME = AppIcon;
				CODE_SIGN_STYLE = Automatic;
				DEVELOPMENT_TEAM = D32L54FCAB;
				INFOPLIST_FILE = BeybladeSimulator/Info.plist;
				LD_RUNPATH_SEARCH_PATHS = (
					"$(inherited)",
					"@executable_path/Frameworks",
				);
				PRODUCT_BUNDLE_IDENTIFIER = donmaicha.BeybladeSimulator;
				PRODUCT_NAME = "$(TARGET_NAME)";
				SWIFT_VERSION = 5.0;
				TARGETED_DEVICE_FAMILY = "1,2";
			};
			name = Debug;
		};
		58F86F99243DFF4D001BA50E /* Release */ = {
			isa = XCBuildConfiguration;
			buildSettings = {
				ASSETCATALOG_COMPILER_APPICON_NAME = AppIcon;
				CODE_SIGN_STYLE = Automatic;
				DEVELOPMENT_TEAM = D32L54FCAB;
				INFOPLIST_FILE = BeybladeSimulator/Info.plist;
				LD_RUNPATH_SEARCH_PATHS = (
					"$(inherited)",
					"@executable_path/Frameworks",
				);
				PRODUCT_BUNDLE_IDENTIFIER = donmaicha.BeybladeSimulator;
				PRODUCT_NAME = "$(TARGET_NAME)";
				SWIFT_VERSION = 5.0;
				TARGETED_DEVICE_FAMILY = "1,2";
			};
			name = Release;
		};
/* End XCBuildConfiguration section */

/* Begin XCConfigurationList section */
		58F86F7E243DFF48001BA50E /* Build configuration list for PBXProject "BeybladeSimulator" */ = {
			isa = XCConfigurationList;
			buildConfigurations = (
				58F86F95243DFF4D001BA50E /* Debug */,
				58F86F96243DFF4D001BA50E /* Release */,
			);
			defaultConfigurationIsVisible = 0;
			defaultConfigurationName = Release;
		};
		58F86F97243DFF4D001BA50E /* Build configuration list for PBXNativeTarget "BeybladeSimulator" */ = {
			isa = XCConfigurationList;
			buildConfigurations = (
				58F86F98243DFF4D001BA50E /* Debug */,
				58F86F99243DFF4D001BA50E /* Release */,
			);
			defaultConfigurationIsVisible = 0;
			defaultConfigurationName = Release;
		};
/* End XCConfigurationList section */
	};
	rootObject = 58F86F7B243DFF48001BA50E /* Project object */;
}
